
Microsoft Visual Studio Solution File, Format Version 12.00
# Visual Studio Version 16
VisualStudioVersion = 16.0.29102.190
MinimumVisualStudioVersion = 10.0.40219.1
Project("{2150E333-8FDC-42A3-9474-1A3956D46DE8}") = "1. Core", "1. Core", "{83F62D69-68C8-421F-9DEE-EA10838B9122}"
EndProject
Project("{FAE04EC0-301F-11D3-BF4B-00C04F79EFBC}") = "CursoAppium.Core", "CursoAppium.Core\CursoAppium.Core.csproj", "{69F74143-8EBE-4964-BAE8-FC4BA7AD2281}"
EndProject
Global
	GlobalSection(SolutionConfigurationPlatforms) = preSolution
		Debug|Any CPU = Debug|Any CPU
		Release|Any CPU = Release|Any CPU
	EndGlobalSection
	GlobalSection(ProjectConfigurationPlatforms) = postSolution
		{69F74143-8EBE-4964-BAE8-FC4BA7AD2281}.Debug|Any CPU.ActiveCfg = Debug|Any CPU
		{69F74143-8EBE-4964-BAE8-FC4BA7AD2281}.Debug|Any CPU.Build.0 = Debug|Any CPU
		{69F74143-8EBE-4964-BAE8-FC4BA7AD2281}.Release|Any CPU.ActiveCfg = Release|Any CPU
		{69F74143-8EBE-4964-BAE8-FC4BA7AD2281}.Release|Any CPU.Build.0 = Release|Any CPU
	EndGlobalSection
	GlobalSection(SolutionProperties) = preSolution
		HideSolutionNode = FALSE
	EndGlobalSection
	GlobalSection(NestedProjects) = preSolution
		{69F74143-8EBE-4964-BAE8-FC4BA7AD2281} = {83F62D69-68C8-421F-9DEE-EA10838B9122}
	EndGlobalSection
	GlobalSection(ExtensibilityGlobals) = postSolution
		SolutionGuid = {D85D18DF-84FA-4376-916C-736D0A767738}
	EndGlobalSection
EndGlobal
